
Microsoft Visual Studio Solution File, Format Version 12.00
# Visual Studio Version 16
VisualStudioVersion = 16.0.30011.22
MinimumVisualStudioVersion = 10.0.40219.1
Project("{2150E333-8FDC-42A3-9474-1A3956D46DE8}") = "WCF", "WCF", "{BF016DEF-C905-48D1-94E2-396205670B73}"
EndProject
Project("{2150E333-8FDC-42A3-9474-1A3956D46DE8}") = "API", "API", "{59F5B324-EBA4-4272-B247-CB55DE2C3D52}"
EndProject
Project("{FAE04EC0-301F-11D3-BF4B-00C04F79EFBC}") = "PcPartsScrap.Wcf.ConsoleHost", "PcPartsScrap.Wcf.ConsoleHost\PcPartsScrap.Wcf.ConsoleHost.csproj", "{D99A6A2A-7816-4203-A4E0-4EA3DC11EF0F}"
EndProject
Project("{FAE04EC0-301F-11D3-BF4B-00C04F79EFBC}") = "PcPartsScrap.Wcf.Contracts", "PcPartsScrap.Wcf.Contracts\PcPartsScrap.Wcf.Contracts.csproj", "{D7EF4EB3-34FE-492F-BAED-425F477E4C56}"
EndProject
Project("{FAE04EC0-301F-11D3-BF4B-00C04F79EFBC}") = "PcPartsScrap.Wcf.Services", "PcPartsScrap.Wcf.Services\PcPartsScrap.Wcf.Services.csproj", "{2424058A-6C59-4EED-A3C7-5E501017ABB8}"
EndProject
Project("{FAE04EC0-301F-11D3-BF4B-00C04F79EFBC}") = "PcPartsScrap.Wcf.Data", "PcPartsScrap.Wcf.Data\PcPartsScrap.Wcf.Data.csproj", "{5DBC8F16-E458-4DDE-A992-E1653082D1F9}"
EndProject
Project("{9A19103F-16F7-4668-BE54-9A1E7A4F7556}") = "PcPartsScrap.Api", "PcPartsScrap.Api\PcPartsScrap.Api.csproj", "{C5788036-EC55-4BFE-9984-6693248AFB0D}"
EndProject
Project("{FAE04EC0-301F-11D3-BF4B-00C04F79EFBC}") = "PcPartsScrap.Api.Managers", "PcPartsScrap.Api.Managers\PcPartsScrap.Api.Managers.csproj", "{02F42903-5D86-4A02-917A-E2676D8ECEB1}"
EndProject
Global
	GlobalSection(SolutionConfigurationPlatforms) = preSolution
		Debug|Any CPU = Debug|Any CPU
		Release|Any CPU = Release|Any CPU
	EndGlobalSection
	GlobalSection(ProjectConfigurationPlatforms) = postSolution
		{D99A6A2A-7816-4203-A4E0-4EA3DC11EF0F}.Debug|Any CPU.ActiveCfg = Debug|Any CPU
		{D99A6A2A-7816-4203-A4E0-4EA3DC11EF0F}.Debug|Any CPU.Build.0 = Debug|Any CPU
		{D99A6A2A-7816-4203-A4E0-4EA3DC11EF0F}.Release|Any CPU.ActiveCfg = Release|Any CPU
		{D99A6A2A-7816-4203-A4E0-4EA3DC11EF0F}.Release|Any CPU.Build.0 = Release|Any CPU
		{D7EF4EB3-34FE-492F-BAED-425F477E4C56}.Debug|Any CPU.ActiveCfg = Debug|Any CPU
		{D7EF4EB3-34FE-492F-BAED-425F477E4C56}.Debug|Any CPU.Build.0 = Debug|Any CPU
		{D7EF4EB3-34FE-492F-BAED-425F477E4C56}.Release|Any CPU.ActiveCfg = Release|Any CPU
		{D7EF4EB3-34FE-492F-BAED-425F477E4C56}.Release|Any CPU.Build.0 = Release|Any CPU
		{2424058A-6C59-4EED-A3C7-5E501017ABB8}.Debug|Any CPU.ActiveCfg = Debug|Any CPU
		{2424058A-6C59-4EED-A3C7-5E501017ABB8}.Debug|Any CPU.Build.0 = Debug|Any CPU
		{2424058A-6C59-4EED-A3C7-5E501017ABB8}.Release|Any CPU.ActiveCfg = Release|Any CPU
		{2424058A-6C59-4EED-A3C7-5E501017ABB8}.Release|Any CPU.Build.0 = Release|Any CPU
		{5DBC8F16-E458-4DDE-A992-E1653082D1F9}.Debug|Any CPU.ActiveCfg = Debug|Any CPU
		{5DBC8F16-E458-4DDE-A992-E1653082D1F9}.Debug|Any CPU.Build.0 = Debug|Any CPU
		{5DBC8F16-E458-4DDE-A992-E1653082D1F9}.Release|Any CPU.ActiveCfg = Release|Any CPU
		{5DBC8F16-E458-4DDE-A992-E1653082D1F9}.Release|Any CPU.Build.0 = Release|Any CPU
		{C5788036-EC55-4BFE-9984-6693248AFB0D}.Debug|Any CPU.ActiveCfg = Debug|Any CPU
		{C5788036-EC55-4BFE-9984-6693248AFB0D}.Debug|Any CPU.Build.0 = Debug|Any CPU
		{C5788036-EC55-4BFE-9984-6693248AFB0D}.Release|Any CPU.ActiveCfg = Release|Any CPU
		{C5788036-EC55-4BFE-9984-6693248AFB0D}.Release|Any CPU.Build.0 = Release|Any CPU
		{02F42903-5D86-4A02-917A-E2676D8ECEB1}.Debug|Any CPU.ActiveCfg = Debug|Any CPU
		{02F42903-5D86-4A02-917A-E2676D8ECEB1}.Debug|Any CPU.Build.0 = Debug|Any CPU
		{02F42903-5D86-4A02-917A-E2676D8ECEB1}.Release|Any CPU.ActiveCfg = Release|Any CPU
		{02F42903-5D86-4A02-917A-E2676D8ECEB1}.Release|Any CPU.Build.0 = Release|Any CPU
	EndGlobalSection
	GlobalSection(SolutionProperties) = preSolution
		HideSolutionNode = FALSE
	EndGlobalSection
	GlobalSection(NestedProjects) = preSolution
		{D99A6A2A-7816-4203-A4E0-4EA3DC11EF0F} = {BF016DEF-C905-48D1-94E2-396205670B73}
		{D7EF4EB3-34FE-492F-BAED-425F477E4C56} = {BF016DEF-C905-48D1-94E2-396205670B73}
		{2424058A-6C59-4EED-A3C7-5E501017ABB8} = {BF016DEF-C905-48D1-94E2-396205670B73}
		{5DBC8F16-E458-4DDE-A992-E1653082D1F9} = {BF016DEF-C905-48D1-94E2-396205670B73}
		{C5788036-EC55-4BFE-9984-6693248AFB0D} = {59F5B324-EBA4-4272-B247-CB55DE2C3D52}
		{02F42903-5D86-4A02-917A-E2676D8ECEB1} = {59F5B324-EBA4-4272-B247-CB55DE2C3D52}
	EndGlobalSection
	GlobalSection(ExtensibilityGlobals) = postSolution
		SolutionGuid = {9D728C58-B885-4021-8461-915831A482B4}
	EndGlobalSection
EndGlobal
